
Microsoft Visual Studio Solution File, Format Version 12.00
# Visual Studio Version 16
VisualStudioVersion = 16.0.30011.22
MinimumVisualStudioVersion = 10.0.40219.1
Project("{888888A0-9F3D-457C-B088-3A5042F75D52}") = "211_Projet", "211_Projet\211_Projet.pyproj", "{DC117FD9-7E0A-4DD1-9068-3C3A25368DB0}"
EndProject
Global
	GlobalSection(SolutionConfigurationPlatforms) = preSolution
		Debug|Any CPU = Debug|Any CPU
		Release|Any CPU = Release|Any CPU
	EndGlobalSection
	GlobalSection(ProjectConfigurationPlatforms) = postSolution
		{DC117FD9-7E0A-4DD1-9068-3C3A25368DB0}.Debug|Any CPU.ActiveCfg = Debug|Any CPU
		{DC117FD9-7E0A-4DD1-9068-3C3A25368DB0}.Release|Any CPU.ActiveCfg = Release|Any CPU
	EndGlobalSection
	GlobalSection(SolutionProperties) = preSolution
		HideSolutionNode = FALSE
	EndGlobalSection
	GlobalSection(ExtensibilityGlobals) = postSolution
		SolutionGuid = {C60C9D72-775D-45F4-A83F-31D843C35B7A}
	EndGlobalSection
EndGlobal
